
Microsoft Visual Studio Solution File, Format Version 12.00
# Visual Studio Version 17
VisualStudioVersion = 17.8.34322.80
MinimumVisualStudioVersion = 10.0.40219.1
Project("{FAE04EC0-301F-11D3-BF4B-00C04F79EFBC}") = "AutoTotal", "AutoTotal.csproj", "{7BC46439-9099-4CD7-8DA3-66C97139090B}"
EndProject
Global
	GlobalSection(SolutionConfigurationPlatforms) = preSolution
		Debug|Any CPU = Debug|Any CPU
		Release|Any CPU = Release|Any CPU
	EndGlobalSection
	GlobalSection(ProjectConfigurationPlatforms) = postSolution
		{7BC46439-9099-4CD7-8DA3-66C97139090B}.Debug|Any CPU.ActiveCfg = Debug|Any CPU
		{7BC46439-9099-4CD7-8DA3-66C97139090B}.Debug|Any CPU.Build.0 = Debug|Any CPU
		{7BC46439-9099-4CD7-8DA3-66C97139090B}.Release|Any CPU.ActiveCfg = Release|Any CPU
		{7BC46439-9099-4CD7-8DA3-66C97139090B}.Release|Any CPU.Build.0 = Release|Any CPU
	EndGlobalSection
	GlobalSection(SolutionProperties) = preSolution
		HideSolutionNode = FALSE
	EndGlobalSection
	GlobalSection(ExtensibilityGlobals) = postSolution
		SolutionGuid = {842973A5-F469-4F73-936D-A603B0B7C80E}
	EndGlobalSection
EndGlobal
